
Microsoft Visual Studio Solution File, Format Version 12.00
# Visual Studio Version 16
VisualStudioVersion = 16.0.32002.261
MinimumVisualStudioVersion = 10.0.40219.1
Project("{FAE04EC0-301F-11D3-BF4B-00C04F79EFBC}") = "TicTacToe", "TicTacToe\TicTacToe.csproj", "{63FCDA9E-7579-41EF-8DC0-19CF4F10502C}"
EndProject
Global
	GlobalSection(SolutionConfigurationPlatforms) = preSolution
		Debug|Any CPU = Debug|Any CPU
		Release|Any CPU = Release|Any CPU
	EndGlobalSection
	GlobalSection(ProjectConfigurationPlatforms) = postSolution
		{63FCDA9E-7579-41EF-8DC0-19CF4F10502C}.Debug|Any CPU.ActiveCfg = Debug|Any CPU
		{63FCDA9E-7579-41EF-8DC0-19CF4F10502C}.Debug|Any CPU.Build.0 = Debug|Any CPU
		{63FCDA9E-7579-41EF-8DC0-19CF4F10502C}.Release|Any CPU.ActiveCfg = Release|Any CPU
		{63FCDA9E-7579-41EF-8DC0-19CF4F10502C}.Release|Any CPU.Build.0 = Release|Any CPU
	EndGlobalSection
	GlobalSection(SolutionProperties) = preSolution
		HideSolutionNode = FALSE
	EndGlobalSection
	GlobalSection(ExtensibilityGlobals) = postSolution
		SolutionGuid = {A381C640-3A31-411F-8729-D5156817A938}
	EndGlobalSection
EndGlobal
